// !$*UTF8*$!
{
	archiveVersion = 1;
	classes = {
	};
	objectVersion = 50;
	objects = {

/* Begin PBXBuildFile section */
		59561ABF212906690042ECFB /* AppDelegate.swift in Sources */ = {isa = PBXBuildFile; fileRef = 59561ABE212906690042ECFB /* AppDelegate.swift */; };
		59561AC1212906690042ECFB /* ViewController.swift in Sources */ = {isa = PBXBuildFile; fileRef = 59561AC0212906690042ECFB /* ViewController.swift */; };
		59561AC4212906690042ECFB /* Main.storyboard in Resources */ = {isa = PBXBuildFile; fileRef = 59561AC2212906690042ECFB /* Main.storyboard */; };
		59561AC62129066A0042ECFB /* Assets.xcassets in Resources */ = {isa = PBXBuildFile; fileRef = 59561AC52129066A0042ECFB /* Assets.xcassets */; };
		59561AC92129066A0042ECFB /* LaunchScreen.storyboard in Resources */ = {isa = PBXBuildFile; fileRef = 59561AC72129066A0042ECFB /* LaunchScreen.storyboard */; };
		59561AD42129066A0042ECFB /* gittestTests.swift in Sources */ = {isa = PBXBuildFile; fileRef = 59561AD32129066A0042ECFB /* gittestTests.swift */; };
		59561ADF2129066A0042ECFB /* gittestUITests.swift in Sources */ = {isa = PBXBuildFile; fileRef = 59561ADE2129066A0042ECFB /* gittestUITests.swift */; };
/* End PBXBuildFile section */

/* Begin PBXContainerItemProxy section */
		59561AD02129066A0042ECFB /* PBXContainerItemProxy */ = {
			isa = PBXContainerItemProxy;
			containerPortal = 59561AB3212906680042ECFB /* Project object */;
			proxyType = 1;
			remoteGlobalIDString = 59561ABA212906690042ECFB;
			remoteInfo = gittest;
		};
		59561ADB2129066A0042ECFB /* PBXContainerItemProxy */ = {
			isa = PBXContainerItemProxy;
			containerPortal = 59561AB3212906680042ECFB /* Project object */;
			proxyType = 1;
			remoteGlobalIDString = 59561ABA212906690042ECFB;
			remoteInfo = gittest;
		};
/* End PBXContainerItemProxy section */

/* Begin PBXFileReference section */
		59561ABB212906690042ECFB /* gittest.app */ = {isa = PBXFileReference; explicitFileType = wrapper.application; includeInIndex = 0; path = gittest.app; sourceTree = BUILT_PRODUCTS_DIR; };
		59561ABE212906690042ECFB /* AppDelegate.swift */ = {isa = PBXFileReference; lastKnownFileType = sourcecode.swift; path = AppDelegate.swift; sourceTree = "<group>"; };
		59561AC0212906690042ECFB /* ViewController.swift */ = {isa = PBXFileReference; lastKnownFileType = sourcecode.swift; path = ViewController.swift; sourceTree = "<group>"; };
		59561AC3212906690042ECFB /* Base */ = {isa = PBXFileReference; lastKnownFileType = file.storyboard; name = Base; path = Base.lproj/Main.storyboard; sourceTree = "<group>"; };
		59561AC52129066A0042ECFB /* Assets.xcassets */ = {isa = PBXFileReference; lastKnownFileType = folder.assetcatalog; path = Assets.xcassets; sourceTree = "<group>"; };
		59561AC82129066A0042ECFB /* Base */ = {isa = PBXFileReference; lastKnownFileType = file.storyboard; name = Base; path = Base.lproj/LaunchScreen.storyboard; sourceTree = "<group>"; };
		59561ACA2129066A0042ECFB /* Info.plist */ = {isa = PBXFileReference; lastKnownFileType = text.plist.xml; path = Info.plist; sourceTree = "<group>"; };
		59561ACF2129066A0042ECFB /* gittestTests.xctest */ = {isa = PBXFileReference; explicitFileType = wrapper.cfbundle; includeInIndex = 0; path = gittestTests.xctest; sourceTree = BUILT_PRODUCTS_DIR; };
		59561AD32129066A0042ECFB /* gittestTests.swift */ = {isa = PBXFileReference; lastKnownFileType = sourcecode.swift; path = gittestTests.swift; sourceTree = "<group>"; };
		59561AD52129066A0042ECFB /* Info.plist */ = {isa = PBXFileReference; lastKnownFileType = text.plist.xml; path = Info.plist; sourceTree = "<group>"; };
		59561ADA2129066A0042ECFB /* gittestUITests.xctest */ = {isa = PBXFileReference; explicitFileType = wrapper.cfbundle; includeInIndex = 0; path = gittestUITests.xctest; sourceTree = BUILT_PRODUCTS_DIR; };
		59561ADE2129066A0042ECFB /* gittestUITests.swift */ = {isa = PBXFileReference; lastKnownFileType = sourcecode.swift; path = gittestUITests.swift; sourceTree = "<group>"; };
		59561AE02129066A0042ECFB /* Info.plist */ = {isa = PBXFileReference; lastKnownFileType = text.plist.xml; path = Info.plist; sourceTree = "<group>"; };
/* End PBXFileReference section */

/* Begin PBXFrameworksBuildPhase section */
		59561AB8212906690042ECFB /* Frameworks */ = {
			isa = PBXFrameworksBuildPhase;
			buildActionMask = 2147483647;
			files = (
			);
			runOnlyForDeploymentPostprocessing = 0;
		};
		59561ACC2129066A0042ECFB /* Frameworks */ = {
			isa = PBXFrameworksBuildPhase;
			buildActionMask = 2147483647;
			files = (
			);
			runOnlyForDeploymentPostprocessing = 0;
		};
		59561AD72129066A0042ECFB /* Frameworks */ = {
			isa = PBXFrameworksBuildPhase;
			buildActionMask = 2147483647;
			files = (
			);
			runOnlyForDeploymentPostprocessing = 0;
		};
/* End PBXFrameworksBuildPhase section */

/* Begin PBXGroup section */
		59561AB2212906680042ECFB = {
			isa = PBXGroup;
			children = (
				59561ABD212906690042ECFB /* gittest */,
				59561AD22129066A0042ECFB /* gittestTests */,
				59561ADD2129066A0042ECFB /* gittestUITests */,
				59561ABC212906690042ECFB /* Products */,
			);
			sourceTree = "<group>";
		};
		59561ABC212906690042ECFB /* Products */ = {
			isa = PBXGroup;
			children = (
				59561ABB212906690042ECFB /* gittest.app */,
				59561ACF2129066A0042ECFB /* gittestTests.xctest */,
				59561ADA2129066A0042ECFB /* gittestUITests.xctest */,
			);
			name = Products;
			sourceTree = "<group>";
		};
		59561ABD212906690042ECFB /* gittest */ = {
			isa = PBXGroup;
			children = (
				59561ABE212906690042ECFB /* AppDelegate.swift */,
				59561AC0212906690042ECFB /* ViewController.swift */,
				59561AC2212906690042ECFB /* Main.storyboard */,
				59561AC52129066A0042ECFB /* Assets.xcassets */,
				59561AC72129066A0042ECFB /* LaunchScreen.storyboard */,
				59561ACA2129066A0042ECFB /* Info.plist */,
			);
			path = gittest;
			sourceTree = "<group>";
		};
		59561AD22129066A0042ECFB /* gittestTests */ = {
			isa = PBXGroup;
			children = (
				59561AD32129066A0042ECFB /* gittestTests.swift */,
				59561AD52129066A0042ECFB /* Info.plist */,
			);
			path = gittestTests;
			sourceTree = "<group>";
		};
		59561ADD2129066A0042ECFB /* gittestUITests */ = {
			isa = PBXGroup;
			children = (
				59561ADE2129066A0042ECFB /* gittestUITests.swift */,
				59561AE02129066A0042ECFB /* Info.plist */,
			);
			path = gittestUITests;
			sourceTree = "<group>";
		};
/* End PBXGroup section */

/* Begin PBXNativeTarget section */
		59561ABA212906690042ECFB /* gittest */ = {
			isa = PBXNativeTarget;
			buildConfigurationList = 59561AE32129066A0042ECFB /* Build configuration list for PBXNativeTarget "gittest" */;
			buildPhases = (
				59561AB7212906690042ECFB /* Sources */,
				59561AB8212906690042ECFB /* Frameworks */,
				59561AB9212906690042ECFB /* Resources */,
			);
			buildRules = (
			);
			dependencies = (
			);
			name = gittest;
			productName = gittest;
			productReference = 59561ABB212906690042ECFB /* gittest.app */;
			productType = "com.apple.product-type.application";
		};
		59561ACE2129066A0042ECFB /* gittestTests */ = {
			isa = PBXNativeTarget;
			buildConfigurationList = 59561AE62129066A0042ECFB /* Build configuration list for PBXNativeTarget "gittestTests" */;
			buildPhases = (
				59561ACB2129066A0042ECFB /* Sources */,
				59561ACC2129066A0042ECFB /* Frameworks */,
				59561ACD2129066A0042ECFB /* Resources */,
			);
			buildRules = (
			);
			dependencies = (
				59561AD12129066A0042ECFB /* PBXTargetDependency */,
			);
			name = gittestTests;
			productName = gittestTests;
			productReference = 59561ACF2129066A0042ECFB /* gittestTests.xctest */;
			productType = "com.apple.product-type.bundle.unit-test";
		};
		59561AD92129066A0042ECFB /* gittestUITests */ = {
			isa = PBXNativeTarget;
			buildConfigurationList = 59561AE92129066A0042ECFB /* Build configuration list for PBXNativeTarget "gittestUITests" */;
			buildPhases = (
				59561AD62129066A0042ECFB /* Sources */,
				59561AD72129066A0042ECFB /* Frameworks */,
				59561AD82129066A0042ECFB /* Resources */,
			);
			buildRules = (
			);
			dependencies = (
				59561ADC2129066A0042ECFB /* PBXTargetDependency */,
			);
			name = gittestUITests;
			productName = gittestUITests;
			productReference = 59561ADA2129066A0042ECFB /* gittestUITests.xctest */;
			productType = "com.apple.product-type.bundle.ui-testing";
		};
/* End PBXNativeTarget section */

/* Begin PBXProject section */
		59561AB3212906680042ECFB /* Project object */ = {
			isa = PBXProject;
			attributes = {
				LastSwiftUpdateCheck = 0940;
				LastUpgradeCheck = 0940;
				ORGANIZATIONNAME = "Takashi Minami";
				TargetAttributes = {
					59561ABA212906690042ECFB = {
						CreatedOnToolsVersion = 9.4.1;
					};
					59561ACE2129066A0042ECFB = {
						CreatedOnToolsVersion = 9.4.1;
						TestTargetID = 59561ABA212906690042ECFB;
					};
					59561AD92129066A0042ECFB = {
						CreatedOnToolsVersion = 9.4.1;
						TestTargetID = 59561ABA212906690042ECFB;
					};
				};
			};
			buildConfigurationList = 59561AB6212906680042ECFB /* Build configuration list for PBXProject "gittest" */;
			compatibilityVersion = "Xcode 9.3";
			developmentRegion = en;
			hasScannedForEncodings = 0;
			knownRegions = (
				en,
				Base,
			);
			mainGroup = 59561AB2212906680042ECFB;
			productRefGroup = 59561ABC212906690042ECFB /* Products */;
			projectDirPath = "";
			projectRoot = "";
			targets = (
				59561ABA212906690042ECFB /* gittest */,
				59561ACE2129066A0042ECFB /* gittestTests */,
				59561AD92129066A0042ECFB /* gittestUITests */,
			);
		};
/* End PBXProject section */

/* Begin PBXResourcesBuildPhase section */
		59561AB9212906690042ECFB /* Resources */ = {
			isa = PBXResourcesBuildPhase;
			buildActionMask = 2147483647;
			files = (
				59561AC92129066A0042ECFB /* LaunchScreen.storyboard in Resources */,
				59561AC62129066A0042ECFB /* Assets.xcassets in Resources */,
				59561AC4212906690042ECFB /* Main.storyboard in Resources */,
			);
			runOnlyForDeploymentPostprocessing = 0;
		};
		59561ACD2129066A0042ECFB /* Resources */ = {
			isa = PBXResourcesBuildPhase;
			buildActionMask = 2147483647;
			files = (
			);
			runOnlyForDeploymentPostprocessing = 0;
		};
		59561AD82129066A0042ECFB /* Resources */ = {
			isa = PBXResourcesBuildPhase;
			buildActionMask = 2147483647;
			files = (
			);
			runOnlyForDeploymentPostprocessing = 0;
		};
/* End PBXResourcesBuildPhase section */

/* Begin PBXSourcesBuildPhase section */
		59561AB7212906690042ECFB /* Sources */ = {
			isa = PBXSourcesBuildPhase;
			buildActionMask = 2147483647;
			files = (
				59561AC1212906690042ECFB /* ViewController.swift in Sources */,
				59561ABF212906690042ECFB /* AppDelegate.swift in Sources */,
			);
			runOnlyForDeploymentPostprocessing = 0;
		};
		59561ACB2129066A0042ECFB /* Sources */ = {
			isa = PBXSourcesBuildPhase;
			buildActionMask = 2147483647;
			files = (
				59561AD42129066A0042ECFB /* gittestTests.swift in Sources */,
			);
			runOnlyForDeploymentPostprocessing = 0;
		};
		59561AD62129066A0042ECFB /* Sources */ = {
			isa = PBXSourcesBuildPhase;
			buildActionMask = 2147483647;
			files = (
				59561ADF2129066A0042ECFB /* gittestUITests.swift in Sources */,
			);
			runOnlyForDeploymentPostprocessing = 0;
		};
/* End PBXSourcesBuildPhase section */

/* Begin PBXTargetDependency section */
		59561AD12129066A0042ECFB /* PBXTargetDependency */ = {
			isa = PBXTargetDependency;
			target = 59561ABA212906690042ECFB /* gittest */;
			targetProxy = 59561AD02129066A0042ECFB /* PBXContainerItemProxy */;
		};
		59561ADC2129066A0042ECFB /* PBXTargetDependency */ = {
			isa = PBXTargetDependency;
			target = 59561ABA212906690042ECFB /* gittest */;
			targetProxy = 59561ADB2129066A0042ECFB /* PBXContainerItemProxy */;
		};
/* End PBXTargetDependency section */

/* Begin PBXVariantGroup section */
		59561AC2212906690042ECFB /* Main.storyboard */ = {
			isa = PBXVariantGroup;
			children = (
				59561AC3212906690042ECFB /* Base */,
			);
			name = Main.storyboard;
			sourceTree = "<group>";
		};
		59561AC72129066A0042ECFB /* LaunchScreen.storyboard */ = {
			isa = PBXVariantGroup;
			children = (
				59561AC82129066A0042ECFB /* Base */,
			);
			name = LaunchScreen.storyboard;
			sourceTree = "<group>";
		};
/* End PBXVariantGroup section */

/* Begin XCBuildConfiguration section */
		59561AE12129066A0042ECFB /* Debug */ = {
			isa = XCBuildConfiguration;
			buildSettings = {
				ALWAYS_SEARCH_USER_PATHS = NO;
				CLANG_ANALYZER_NONNULL = YES;
				CLANG_ANALYZER_NUMBER_OBJECT_CONVERSION = YES_AGGRESSIVE;
				CLANG_CXX_LANGUAGE_STANDARD = "gnu++14";
				CLANG_CXX_LIBRARY = "libc++";
				CLANG_ENABLE_MODULES = YES;
				CLANG_ENABLE_OBJC_ARC = YES;
				CLANG_ENABLE_OBJC_WEAK = YES;
				CLANG_WARN_BLOCK_CAPTURE_AUTORELEASING = YES;
				CLANG_WARN_BOOL_CONVERSION = YES;
				CLANG_WARN_COMMA = YES;
				CLANG_WARN_CONSTANT_CONVERSION = YES;
				CLANG_WARN_DEPRECATED_OBJC_IMPLEMENTATIONS = YES;
				CLANG_WARN_DIRECT_OBJC_ISA_USAGE = YES_ERROR;
				CLANG_WARN_DOCUMENTATION_COMMENTS = YES;
				CLANG_WARN_EMPTY_BODY = YES;
				CLANG_WARN_ENUM_CONVERSION = YES;
				CLANG_WARN_INFINITE_RECURSION = YES;
				CLANG_WARN_INT_CONVERSION = YES;
				CLANG_WARN_NON_LITERAL_NULL_CONVERSION = YES;
				CLANG_WARN_OBJC_IMPLICIT_RETAIN_SELF = YES;
				CLANG_WARN_OBJC_LITERAL_CONVERSION = YES;
				CLANG_WARN_OBJC_ROOT_CLASS = YES_ERROR;
				CLANG_WARN_RANGE_LOOP_ANALYSIS = YES;
				CLANG_WARN_STRICT_PROTOTYPES = YES;
				CLANG_WARN_SUSPICIOUS_MOVE = YES;
				CLANG_WARN_UNGUARDED_AVAILABILITY = YES_AGGRESSIVE;
				CLANG_WARN_UNREACHABLE_CODE = YES;
				CLANG_WARN__DUPLICATE_METHOD_MATCH = YES;
				CODE_SIGN_IDENTITY = "iPhone Developer";
				COPY_PHASE_STRIP = NO;
				DEBUG_INFORMATION_FORMAT = dwarf;
				ENABLE_STRICT_OBJC_MSGSEND = YES;
				ENABLE_TESTABILITY = YES;
				GCC_C_LANGUAGE_STANDARD = gnu11;
				GCC_DYNAMIC_NO_PIC = NO;
				GCC_NO_COMMON_BLOCKS = YES;
				GCC_OPTIMIZATION_LEVEL = 0;
				GCC_PREPROCESSOR_DEFINITIONS = (
					"DEBUG=1",
					"$(inherited)",
				);
				GCC_WARN_64_TO_32_BIT_CONVERSION = YES;
				GCC_WARN_ABOUT_RETURN_TYPE = YES_ERROR;
				GCC_WARN_UNDECLARED_SELECTOR = YES;
				GCC_WARN_UNINITIALIZED_AUTOS = YES_AGGRESSIVE;
				GCC_WARN_UNUSED_FUNCTION = YES;
				GCC_WARN_UNUSED_VARIABLE = YES;
				IPHONEOS_DEPLOYMENT_TARGET = 11.4;
				MTL_ENABLE_DEBUG_INFO = YES;
				ONLY_ACTIVE_ARCH = YES;
				SDKROOT = iphoneos;
				SWIFT_ACTIVE_COMPILATION_CONDITIONS = DEBUG;
				SWIFT_OPTIMIZATION_LEVEL = "-Onone";
			};
			name = Debug;
		};
		59561AE22129066A0042ECFB /* Release */ = {
			isa = XCBuildConfiguration;
			buildSettings = {
				ALWAYS_SEARCH_USER_PATHS = NO;
				CLANG_ANALYZER_NONNULL = YES;
				CLANG_ANALYZER_NUMBER_OBJECT_CONVERSION = YES_AGGRESSIVE;
				CLANG_CXX_LANGUAGE_STANDARD = "gnu++14";
				CLANG_CXX_LIBRARY = "libc++";
				CLANG_ENABLE_MODULES = YES;
				CLANG_ENABLE_OBJC_ARC = YES;
				CLANG_ENABLE_OBJC_WEAK = YES;
				CLANG_WARN_BLOCK_CAPTURE_AUTORELEASING = YES;
				CLANG_WARN_BOOL_CONVERSION = YES;
				CLANG_WARN_COMMA = YES;
				CLANG_WARN_CONSTANT_CONVERSION = YES;
				CLANG_WARN_DEPRECATED_OBJC_IMPLEMENTATIONS = YES;
				CLANG_WARN_DIRECT_OBJC_ISA_USAGE = YES_ERROR;
				CLANG_WARN_DOCUMENTATION_COMMENTS = YES;
				CLANG_WARN_EMPTY_BODY = YES;
				CLANG_WARN_ENUM_CONVERSION = YES;
				CLANG_WARN_INFINITE_RECURSION = YES;
				CLANG_WARN_INT_CONVERSION = YES;
				CLANG_WARN_NON_LITERAL_NULL_CONVERSION = YES;
				CLANG_WARN_OBJC_IMPLICIT_RETAIN_SELF = YES;
				CLANG_WARN_OBJC_LITERAL_CONVERSION = YES;
				CLANG_WARN_OBJC_ROOT_CLASS = YES_ERROR;
				CLANG_WARN_RANGE_LOOP_ANALYSIS = YES;
				CLANG_WARN_STRICT_PROTOTYPES = YES;
				CLANG_WARN_SUSPICIOUS_MOVE = YES;
				CLANG_WARN_UNGUARDED_AVAILABILITY = YES_AGGRESSIVE;
				CLANG_WARN_UNREACHABLE_CODE = YES;
				CLANG_WARN__DUPLICATE_METHOD_MATCH = YES;
				CODE_SIGN_IDENTITY = "iPhone Developer";
				COPY_PHASE_STRIP = NO;
				DEBUG_INFORMATION_FORMAT = "dwarf-with-dsym";
				ENABLE_NS_ASSERTIONS = NO;
				ENABLE_STRICT_OBJC_MSGSEND = YES;
				GCC_C_LANGUAGE_STANDARD = gnu11;
				GCC_NO_COMMON_BLOCKS = YES;
				GCC_WARN_64_TO_32_BIT_CONVERSION = YES;
				GCC_WARN_ABOUT_RETURN_TYPE = YES_ERROR;
				GCC_WARN_UNDECLARED_SELECTOR = YES;
				GCC_WARN_UNINITIALIZED_AUTOS = YES_AGGRESSIVE;
				GCC_WARN_UNUSED_FUNCTION = YES;
				GCC_WARN_UNUSED_VARIABLE = YES;
				IPHONEOS_DEPLOYMENT_TARGET = 11.4;
				MTL_ENABLE_DEBUG_INFO = NO;
				SDKROOT = iphoneos;
				SWIFT_COMPILATION_MODE = wholemodule;
				SWIFT_OPTIMIZATION_LEVEL = "-O";
				VALIDATE_PRODUCT = YES;
			};
			name = Release;
		};
		59561AE42129066A0042ECFB /* Debug */ = {
			isa = XCBuildConfiguration;
			buildSettings = {
				ASSETCATALOG_COMPILER_APPICON_NAME = AppIcon;
				CODE_SIGN_STYLE = Automatic;
				INFOPLIST_FILE = gittest/Info.plist;
				LD_RUNPATH_SEARCH_PATHS = (
					"$(inherited)",
					"@executable_path/Frameworks",
				);
				PRODUCT_BUNDLE_IDENTIFIER = Personal.gittest;
				PRODUCT_NAME = "$(TARGET_NAME)";
				SWIFT_VERSION = 4.0;
				TARGETED_DEVICE_FAMILY = "1,2";
			};
			name = Debug;
		};
		59561AE52129066A0042ECFB /* Release */ = {
			isa = XCBuildConfiguration;
			buildSettings = {
				ASSETCATALOG_COMPILER_APPICON_NAME = AppIcon;
				CODE_SIGN_STYLE = Automatic;
				INFOPLIST_FILE = gittest/Info.plist;
				LD_RUNPATH_SEARCH_PATHS = (
					"$(inherited)",
					"@executable_path/Frameworks",
				);
				PRODUCT_BUNDLE_IDENTIFIER = Personal.gittest;
				PRODUCT_NAME = "$(TARGET_NAME)";
				SWIFT_VERSION = 4.0;
				TARGETED_DEVICE_FAMILY = "1,2";
			};
			name = Release;
		};
		59561AE72129066A0042ECFB /* Debug */ = {
			isa = XCBuildConfiguration;
			buildSettings = {
				ALWAYS_EMBED_SWIFT_STANDARD_LIBRARIES = YES;
				BUNDLE_LOADER = "$(TEST_HOST)";
				CODE_SIGN_STYLE = Automatic;
				INFOPLIST_FILE = gittestTests/Info.plist;
				LD_RUNPATH_SEARCH_PATHS = (
					"$(inherited)",
					"@executable_path/Frameworks",
					"@loader_path/Frameworks",
				);
				PRODUCT_BUNDLE_IDENTIFIER = Personal.gittestTests;
				PRODUCT_NAME = "$(TARGET_NAME)";
				SWIFT_VERSION = 4.0;
				TARGETED_DEVICE_FAMILY = "1,2";
				TEST_HOST = "$(BUILT_PRODUCTS_DIR)/gittest.app/gittest";
			};
			name = Debug;
		};
		59561AE82129066A0042ECFB /* Release */ = {
			isa = XCBuildConfiguration;
			buildSettings = {
				ALWAYS_EMBED_SWIFT_STANDARD_LIBRARIES = YES;
				BUNDLE_LOADER = "$(TEST_HOST)";
				CODE_SIGN_STYLE = Automatic;
				INFOPLIST_FILE = gittestTests/Info.plist;
				LD_RUNPATH_SEARCH_PATHS = (
					"$(inherited)",
					"@executable_path/Frameworks",
					"@loader_path/Frameworks",
				);
				PRODUCT_BUNDLE_IDENTIFIER = Personal.gittestTests;
				PRODUCT_NAME = "$(TARGET_NAME)";
				SWIFT_VERSION = 4.0;
				TARGETED_DEVICE_FAMILY = "1,2";
				TEST_HOST = "$(BUILT_PRODUCTS_DIR)/gittest.app/gittest";
			};
			name = Release;
		};
		59561AEA2129066A0042ECFB /* Debug */ = {
			isa = XCBuildConfiguration;
			buildSettings = {
				ALWAYS_EMBED_SWIFT_STANDARD_LIBRARIES = YES;
				CODE_SIGN_STYLE = Automatic;
				INFOPLIST_FILE = gittestUITests/Info.plist;
				LD_RUNPATH_SEARCH_PATHS = (
					"$(inherited)",
					"@executable_path/Frameworks",
					"@loader_path/Frameworks",
				);
				PRODUCT_BUNDLE_IDENTIFIER = Personal.gittestUITests;
				PRODUCT_NAME = "$(TARGET_NAME)";
				SWIFT_VERSION = 4.0;
				TARGETED_DEVICE_FAMILY = "1,2";
				TEST_TARGET_NAME = gittest;
			};
			name = Debug;
		};
		59561AEB2129066A0042ECFB /* Release */ = {
			isa = XCBuildConfiguration;
			buildSettings = {
				ALWAYS_EMBED_SWIFT_STANDARD_LIBRARIES = YES;
				CODE_SIGN_STYLE = Automatic;
				INFOPLIST_FILE = gittestUITests/Info.plist;
				LD_RUNPATH_SEARCH_PATHS = (
					"$(inherited)",
					"@executable_path/Frameworks",
					"@loader_path/Frameworks",
				);
				PRODUCT_BUNDLE_IDENTIFIER = Personal.gittestUITests;
				PRODUCT_NAME = "$(TARGET_NAME)";
				SWIFT_VERSION = 4.0;
				TARGETED_DEVICE_FAMILY = "1,2";
				TEST_TARGET_NAME = gittest;
			};
			name = Release;
		};
/* End XCBuildConfiguration section */

/* Begin XCConfigurationList section */
		59561AB6212906680042ECFB /* Build configuration list for PBXProject "gittest" */ = {
			isa = XCConfigurationList;
			buildConfigurations = (
				59561AE12129066A0042ECFB /* Debug */,
				59561AE22129066A0042ECFB /* Release */,
			);
			defaultConfigurationIsVisible = 0;
			defaultConfigurationName = Release;
		};
		59561AE32129066A0042ECFB /* Build configuration list for PBXNativeTarget "gittest" */ = {
			isa = XCConfigurationList;
			buildConfigurations = (
				59561AE42129066A0042ECFB /* Debug */,
				59561AE52129066A0042ECFB /* Release */,
			);
			defaultConfigurationIsVisible = 0;
			defaultConfigurationName = Release;
		};
		59561AE62129066A0042ECFB /* Build configuration list for PBXNativeTarget "gittestTests" */ = {
			isa = XCConfigurationList;
			buildConfigurations = (
				59561AE72129066A0042ECFB /* Debug */,
				59561AE82129066A0042ECFB /* Release */,
			);
			defaultConfigurationIsVisible = 0;
			defaultConfigurationName = Release;
		};
		59561AE92129066A0042ECFB /* Build configuration list for PBXNativeTarget "gittestUITests" */ = {
			isa = XCConfigurationList;
			buildConfigurations = (
				59561AEA2129066A0042ECFB /* Debug */,
				59561AEB2129066A0042ECFB /* Release */,
			);
			defaultConfigurationIsVisible = 0;
			defaultConfigurationName = Release;
		};
/* End XCConfigurationList section */
	};
	rootObject = 59561AB3212906680042ECFB /* Project object */;
}
